# @generated by Move, please check-in and do not edit manually.

[move]
version = 0
<<<<<<< HEAD:testvectors/Move.lock
manifest_digest = "AF30EC1D07888A123EC6686C84E4F37D225352CDCEF2EBB2405FE81AEF4EA27C"
=======
manifest_digest = "DFBDC4E92153ABD3C2A85BFB7D33948438EAAED6A02140E7FDF7A2CF0646AFEB"
>>>>>>> c249f970a3fc917c194999f86434ed0df48b5ff2:problem/Move.lock
deps_digest = "F8BBB0CCB2491CA29A3DF03D6F92277A4F3574266507ACD77214D37ECA3F3082"

dependencies = [
  { name = "Sui" },
]

[[move.package]]
name = "MoveStdlib"
source = { git = "https://github.com/MystenLabs/sui.git", rev = "framework/testnet", subdir = "crates/sui-framework/packages/move-stdlib" }

[[move.package]]
name = "Sui"
source = { git = "https://github.com/MystenLabs/sui.git", rev = "framework/testnet", subdir = "crates/sui-framework/packages/sui-framework" }

dependencies = [
  { name = "MoveStdlib" },
]

[move.toolchain-version]
compiler-version = "1.21.1"
edition = "legacy"
flavor = "sui"
